
Microsoft Visual Studio Solution File, Format Version 12.00
# Visual Studio Version 17
VisualStudioVersion = 17.4.33205.214
MinimumVisualStudioVersion = 10.0.40219.1
Project("{FAE04EC0-301F-11D3-BF4B-00C04F79EFBC}") = "JPRSC.HRIS.WebApp", "JPRSC.HRIS.WebApp\JPRSC.HRIS.WebApp.csproj", "{531C0868-3DA4-4FBE-ACB9-86BEA1FEF79B}"
EndProject
Project("{FAE04EC0-301F-11D3-BF4B-00C04F79EFBC}") = "JPRSC.HRIS", "JPRSC.HRIS\JPRSC.HRIS.csproj", "{916B5C74-C47D-4D11-A710-D60EF36561C1}"
EndProject
Project("{2150E333-8FDC-42A3-9474-1A3956D46DE8}") = "docs", "docs", "{775B6172-E8F6-4B22-B205-B9CBF699DE02}"
	ProjectSection(SolutionItems) = preProject
		docs\installation.txt = docs\installation.txt
	EndProjectSection
EndProject
Project("{FAE04EC0-301F-11D3-BF4B-00C04F79EFBC}") = "JPRSC.HRIS.Test", "JPRSC.HRIS.Test\JPRSC.HRIS.Test.csproj", "{85CD1943-803E-4CD6-89CB-89AC035F8EBD}"
EndProject
Project("{FAE04EC0-301F-11D3-BF4B-00C04F79EFBC}") = "JPRSC.HRIS.Service", "JPRSC.HRIS.Service\JPRSC.HRIS.Service.csproj", "{4BC17E3B-2AC4-489D-B0EF-CC8C079F46B6}"
EndProject
Global
	GlobalSection(SolutionConfigurationPlatforms) = preSolution
		Debug|Any CPU = Debug|Any CPU
		Release|Any CPU = Release|Any CPU
	EndGlobalSection
	GlobalSection(ProjectConfigurationPlatforms) = postSolution
		{531C0868-3DA4-4FBE-ACB9-86BEA1FEF79B}.Debug|Any CPU.ActiveCfg = Debug|Any CPU
		{531C0868-3DA4-4FBE-ACB9-86BEA1FEF79B}.Debug|Any CPU.Build.0 = Debug|Any CPU
		{531C0868-3DA4-4FBE-ACB9-86BEA1FEF79B}.Release|Any CPU.ActiveCfg = Release|Any CPU
		{531C0868-3DA4-4FBE-ACB9-86BEA1FEF79B}.Release|Any CPU.Build.0 = Release|Any CPU
		{916B5C74-C47D-4D11-A710-D60EF36561C1}.Debug|Any CPU.ActiveCfg = Debug|Any CPU
		{916B5C74-C47D-4D11-A710-D60EF36561C1}.Debug|Any CPU.Build.0 = Debug|Any CPU
		{916B5C74-C47D-4D11-A710-D60EF36561C1}.Release|Any CPU.ActiveCfg = Release|Any CPU
		{916B5C74-C47D-4D11-A710-D60EF36561C1}.Release|Any CPU.Build.0 = Release|Any CPU
		{85CD1943-803E-4CD6-89CB-89AC035F8EBD}.Debug|Any CPU.ActiveCfg = Debug|Any CPU
		{85CD1943-803E-4CD6-89CB-89AC035F8EBD}.Debug|Any CPU.Build.0 = Debug|Any CPU
		{85CD1943-803E-4CD6-89CB-89AC035F8EBD}.Release|Any CPU.ActiveCfg = Release|Any CPU
		{85CD1943-803E-4CD6-89CB-89AC035F8EBD}.Release|Any CPU.Build.0 = Release|Any CPU
		{4BC17E3B-2AC4-489D-B0EF-CC8C079F46B6}.Debug|Any CPU.ActiveCfg = Debug|Any CPU
		{4BC17E3B-2AC4-489D-B0EF-CC8C079F46B6}.Debug|Any CPU.Build.0 = Debug|Any CPU
		{4BC17E3B-2AC4-489D-B0EF-CC8C079F46B6}.Release|Any CPU.ActiveCfg = Release|Any CPU
		{4BC17E3B-2AC4-489D-B0EF-CC8C079F46B6}.Release|Any CPU.Build.0 = Release|Any CPU
	EndGlobalSection
	GlobalSection(SolutionProperties) = preSolution
		HideSolutionNode = FALSE
	EndGlobalSection
	GlobalSection(ExtensibilityGlobals) = postSolution
		SolutionGuid = {6BB932B3-D581-426A-92F1-8AA23F0471D0}
	EndGlobalSection
EndGlobal
